dependencies:
- name: replicated
  repository: oci://registry.replicated.com/library
  version: 0.0.1-alpha.19
- name: replicated-library
  repository: https://replicatedhq.github.io/helm-charts
  version: 0.13.11
digest: sha256:1f8170a1cfc16f184428e5cad0a4482a1053503339d344e200e38aa72dd797da
generated: "2026-09-12T15:11:42.636502577Z"
